// !$*UTF8*$!
{
	archiveVersion = 1;
	classes = {
	};
	objectVersion = 50;
	objects = {

/* Begin PBXBuildFile section */
		80BC1D0121F3337B00A0ADF4 /* AppDelegate.swift in Sources */ = {isa = PBXBuildFile; fileRef = 80BC1D0021F3337B00A0ADF4 /* AppDelegate.swift */; };
		80BC1D0321F3337B00A0ADF4 /* CategoriesVC.swift in Sources */ = {isa = PBXBuildFile; fileRef = 80BC1D0221F3337B00A0ADF4 /* CategoriesVC.swift */; };
		80BC1D0621F3337B00A0ADF4 /* Main.storyboard in Resources */ = {isa = PBXBuildFile; fileRef = 80BC1D0421F3337B00A0ADF4 /* Main.storyboard */; };
		80BC1D0821F3337D00A0ADF4 /* Assets.xcassets in Resources */ = {isa = PBXBuildFile; fileRef = 80BC1D0721F3337D00A0ADF4 /* Assets.xcassets */; };
		80BC1D0B21F3337D00A0ADF4 /* LaunchScreen.storyboard in Resources */ = {isa = PBXBuildFile; fileRef = 80BC1D0921F3337D00A0ADF4 /* LaunchScreen.storyboard */; };
		80BC1D1621F3372900A0ADF4 /* CategoriesCell.swift in Sources */ = {isa = PBXBuildFile; fileRef = 80BC1D1521F3372900A0ADF4 /* CategoriesCell.swift */; };
		80BC1D1B21F34A7C00A0ADF4 /* ProductCell.swift in Sources */ = {isa = PBXBuildFile; fileRef = 80BC1D1A21F34A7C00A0ADF4 /* ProductCell.swift */; };
		80BC1D1D21F34B1100A0ADF4 /* ProductVC.swift in Sources */ = {isa = PBXBuildFile; fileRef = 80BC1D1C21F34B1100A0ADF4 /* ProductVC.swift */; };
		80EF0EDB21F4B08B00BB3B4C /* Category.swift in Sources */ = {isa = PBXBuildFile; fileRef = 80EF0EDA21F4B08B00BB3B4C /* Category.swift */; };
		80EF0EDD21F4B12C00BB3B4C /* Product.swift in Sources */ = {isa = PBXBuildFile; fileRef = 80EF0EDC21F4B12C00BB3B4C /* Product.swift */; };
		80EF0EDF21F4B1A100BB3B4C /* DataService.swift in Sources */ = {isa = PBXBuildFile; fileRef = 80EF0EDE21F4B1A100BB3B4C /* DataService.swift */; };
/* End PBXBuildFile section */

/* Begin PBXFileReference section */
		80BC1CFD21F3337B00A0ADF4 /* TableViewAndCollectionView.app */ = {isa = PBXFileReference; explicitFileType = wrapper.application; includeInIndex = 0; path = TableViewAndCollectionView.app; sourceTree = BUILT_PRODUCTS_DIR; };
		80BC1D0021F3337B00A0ADF4 /* AppDelegate.swift */ = {isa = PBXFileReference; lastKnownFileType = sourcecode.swift; path = AppDelegate.swift; sourceTree = "<group>"; };
		80BC1D0221F3337B00A0ADF4 /* CategoriesVC.swift */ = {isa = PBXFileReference; lastKnownFileType = sourcecode.swift; path = CategoriesVC.swift; sourceTree = "<group>"; };
		80BC1D0521F3337B00A0ADF4 /* Base */ = {isa = PBXFileReference; lastKnownFileType = file.storyboard; name = Base; path = Base.lproj/Main.storyboard; sourceTree = "<group>"; };
		80BC1D0721F3337D00A0ADF4 /* Assets.xcassets */ = {isa = PBXFileReference; lastKnownFileType = folder.assetcatalog; path = Assets.xcassets; sourceTree = "<group>"; };
		80BC1D0A21F3337D00A0ADF4 /* Base */ = {isa = PBXFileReference; lastKnownFileType = file.storyboard; name = Base; path = Base.lproj/LaunchScreen.storyboard; sourceTree = "<group>"; };
		80BC1D0C21F3337D00A0ADF4 /* Info.plist */ = {isa = PBXFileReference; lastKnownFileType = text.plist.xml; path = Info.plist; sourceTree = "<group>"; };
		80BC1D1521F3372900A0ADF4 /* CategoriesCell.swift */ = {isa = PBXFileReference; lastKnownFileType = sourcecode.swift; path = CategoriesCell.swift; sourceTree = "<group>"; };
		80BC1D1A21F34A7C00A0ADF4 /* ProductCell.swift */ = {isa = PBXFileReference; lastKnownFileType = sourcecode.swift; path = ProductCell.swift; sourceTree = "<group>"; };
		80BC1D1C21F34B1100A0ADF4 /* ProductVC.swift */ = {isa = PBXFileReference; lastKnownFileType = sourcecode.swift; path = ProductVC.swift; sourceTree = "<group>"; };
		80EF0EDA21F4B08B00BB3B4C /* Category.swift */ = {isa = PBXFileReference; lastKnownFileType = sourcecode.swift; path = Category.swift; sourceTree = "<group>"; };
		80EF0EDC21F4B12C00BB3B4C /* Product.swift */ = {isa = PBXFileReference; lastKnownFileType = sourcecode.swift; path = Product.swift; sourceTree = "<group>"; };
		80EF0EDE21F4B1A100BB3B4C /* DataService.swift */ = {isa = PBXFileReference; lastKnownFileType = sourcecode.swift; path = DataService.swift; sourceTree = "<group>"; };
/* End PBXFileReference section */

/* Begin PBXFrameworksBuildPhase section */
		80BC1CFA21F3337B00A0ADF4 /* Frameworks */ = {
			isa = PBXFrameworksBuildPhase;
			buildActionMask = 2147483647;
			files = (
			);
			runOnlyForDeploymentPostprocessing = 0;
		};
/* End PBXFrameworksBuildPhase section */

/* Begin PBXGroup section */
		80BC1CF421F3337B00A0ADF4 = {
			isa = PBXGroup;
			children = (
				80BC1CFF21F3337B00A0ADF4 /* TableViewAndCollectionView */,
				80BC1CFE21F3337B00A0ADF4 /* Products */,
			);
			sourceTree = "<group>";
		};
		80BC1CFE21F3337B00A0ADF4 /* Products */ = {
			isa = PBXGroup;
			children = (
				80BC1CFD21F3337B00A0ADF4 /* TableViewAndCollectionView.app */,
			);
			name = Products;
			sourceTree = "<group>";
		};
		80BC1CFF21F3337B00A0ADF4 /* TableViewAndCollectionView */ = {
			isa = PBXGroup;
			children = (
				80BC1D1921F33EB700A0ADF4 /* Service */,
				80BC1D1421F3370300A0ADF4 /* Model */,
				80BC1D1321F336FE00A0ADF4 /* View */,
				80BC1D1221F336F500A0ADF4 /* Controller */,
				80BC1D0021F3337B00A0ADF4 /* AppDelegate.swift */,
				80BC1D0421F3337B00A0ADF4 /* Main.storyboard */,
				80BC1D0721F3337D00A0ADF4 /* Assets.xcassets */,
				80BC1D0921F3337D00A0ADF4 /* LaunchScreen.storyboard */,
				80BC1D0C21F3337D00A0ADF4 /* Info.plist */,
			);
			path = TableViewAndCollectionView;
			sourceTree = "<group>";
		};
		80BC1D1221F336F500A0ADF4 /* Controller */ = {
			isa = PBXGroup;
			children = (
				80BC1D0221F3337B00A0ADF4 /* CategoriesVC.swift */,
				80BC1D1C21F34B1100A0ADF4 /* ProductVC.swift */,
			);
			path = Controller;
			sourceTree = "<group>";
		};
		80BC1D1321F336FE00A0ADF4 /* View */ = {
			isa = PBXGroup;
			children = (
				80BC1D1521F3372900A0ADF4 /* CategoriesCell.swift */,
				80BC1D1A21F34A7C00A0ADF4 /* ProductCell.swift */,
			);
			path = View;
			sourceTree = "<group>";
		};
		80BC1D1421F3370300A0ADF4 /* Model */ = {
			isa = PBXGroup;
			children = (
				80EF0EDA21F4B08B00BB3B4C /* Category.swift */,
				80EF0EDC21F4B12C00BB3B4C /* Product.swift */,
			);
			path = Model;
			sourceTree = "<group>";
		};
		80BC1D1921F33EB700A0ADF4 /* Service */ = {
			isa = PBXGroup;
			children = (
				80EF0EDE21F4B1A100BB3B4C /* DataService.swift */,
			);
			path = Service;
			sourceTree = "<group>";
		};
/* End PBXGroup section */

/* Begin PBXNativeTarget section */
		80BC1CFC21F3337B00A0ADF4 /* TableViewAndCollectionView */ = {
			isa = PBXNativeTarget;
			buildConfigurationList = 80BC1D0F21F3337D00A0ADF4 /* Build configuration list for PBXNativeTarget "TableViewAndCollectionView" */;
			buildPhases = (
				80BC1CF921F3337B00A0ADF4 /* Sources */,
				80BC1CFA21F3337B00A0ADF4 /* Frameworks */,
				80BC1CFB21F3337B00A0ADF4 /* Resources */,
			);
			buildRules = (
			);
			dependencies = (
			);
			name = TableViewAndCollectionView;
			productName = TableViewAndCollectionView;
			productReference = 80BC1CFD21F3337B00A0ADF4 /* TableViewAndCollectionView.app */;
			productType = "com.apple.product-type.application";
		};
/* End PBXNativeTarget section */

/* Begin PBXProject section */
		80BC1CF521F3337B00A0ADF4 /* Project object */ = {
			isa = PBXProject;
			attributes = {
				LastSwiftUpdateCheck = 1010;
				LastUpgradeCheck = 1010;
				ORGANIZATIONNAME = "Vivek Rai";
				TargetAttributes = {
					80BC1CFC21F3337B00A0ADF4 = {
						CreatedOnToolsVersion = 10.1;
					};
				};
			};
			buildConfigurationList = 80BC1CF821F3337B00A0ADF4 /* Build configuration list for PBXProject "TableViewAndCollectionView" */;
			compatibilityVersion = "Xcode 9.3";
			developmentRegion = en;
			hasScannedForEncodings = 0;
			knownRegions = (
				en,
				Base,
			);
			mainGroup = 80BC1CF421F3337B00A0ADF4;
			productRefGroup = 80BC1CFE21F3337B00A0ADF4 /* Products */;
			projectDirPath = "";
			projectRoot = "";
			targets = (
				80BC1CFC21F3337B00A0ADF4 /* TableViewAndCollectionView */,
			);
		};
/* End PBXProject section */

/* Begin PBXResourcesBuildPhase section */
		80BC1CFB21F3337B00A0ADF4 /* Resources */ = {
			isa = PBXResourcesBuildPhase;
			buildActionMask = 2147483647;
			files = (
				80BC1D0B21F3337D00A0ADF4 /* LaunchScreen.storyboard in Resources */,
				80BC1D0821F3337D00A0ADF4 /* Assets.xcassets in Resources */,
				80BC1D0621F3337B00A0ADF4 /* Main.storyboard in Resources */,
			);
			runOnlyForDeploymentPostprocessing = 0;
		};
/* End PBXResourcesBuildPhase section */

/* Begin PBXSourcesBuildPhase section */
		80BC1CF921F3337B00A0ADF4 /* Sources */ = {
			isa = PBXSourcesBuildPhase;
			buildActionMask = 2147483647;
			files = (
				80BC1D1D21F34B1100A0ADF4 /* ProductVC.swift in Sources */,
				80BC1D0321F3337B00A0ADF4 /* CategoriesVC.swift in Sources */,
				80BC1D1621F3372900A0ADF4 /* CategoriesCell.swift in Sources */,
				80BC1D0121F3337B00A0ADF4 /* AppDelegate.swift in Sources */,
				80BC1D1B21F34A7C00A0ADF4 /* ProductCell.swift in Sources */,
				80EF0EDB21F4B08B00BB3B4C /* Category.swift in Sources */,
				80EF0EDD21F4B12C00BB3B4C /* Product.swift in Sources */,
				80EF0EDF21F4B1A100BB3B4C /* DataService.swift in Sources */,
			);
			runOnlyForDeploymentPostprocessing = 0;
		};
/* End PBXSourcesBuildPhase section */

/* Begin PBXVariantGroup section */
		80BC1D0421F3337B00A0ADF4 /* Main.storyboard */ = {
			isa = PBXVariantGroup;
			children = (
				80BC1D0521F3337B00A0ADF4 /* Base */,
			);
			name = Main.storyboard;
			sourceTree = "<group>";
		};
		80BC1D0921F3337D00A0ADF4 /* LaunchScreen.storyboard */ = {
			isa = PBXVariantGroup;
			children = (
				80BC1D0A21F3337D00A0ADF4 /* Base */,
			);
			name = LaunchScreen.storyboard;
			sourceTree = "<group>";
		};
/* End PBXVariantGroup section */

/* Begin XCBuildConfiguration section */
		80BC1D0D21F3337D00A0ADF4 /* Debug */ = {
			isa = XCBuildConfiguration;
			buildSettings = {
				ALWAYS_SEARCH_USER_PATHS = NO;
				CLANG_ANALYZER_NONNULL = YES;
				CLANG_ANALYZER_NUMBER_OBJECT_CONVERSION = YES_AGGRESSIVE;
				CLANG_CXX_LANGUAGE_STANDARD = "gnu++14";
				CLANG_CXX_LIBRARY = "libc++";
				CLANG_ENABLE_MODULES = YES;
				CLANG_ENABLE_OBJC_ARC = YES;
				CLANG_ENABLE_OBJC_WEAK = YES;
				CLANG_WARN_BLOCK_CAPTURE_AUTORELEASING = YES;
				CLANG_WARN_BOOL_CONVERSION = YES;
				CLANG_WARN_COMMA = YES;
				CLANG_WARN_CONSTANT_CONVERSION = YES;
				CLANG_WARN_DEPRECATED_OBJC_IMPLEMENTATIONS = YES;
				CLANG_WARN_DIRECT_OBJC_ISA_USAGE = YES_ERROR;
				CLANG_WARN_DOCUMENTATION_COMMENTS = YES;
				CLANG_WARN_EMPTY_BODY = YES;
				CLANG_WARN_ENUM_CONVERSION = YES;
				CLANG_WARN_INFINITE_RECURSION = YES;
				CLANG_WARN_INT_CONVERSION = YES;
				CLANG_WARN_NON_LITERAL_NULL_CONVERSION = YES;
				CLANG_WARN_OBJC_IMPLICIT_RETAIN_SELF = YES;
				CLANG_WARN_OBJC_LITERAL_CONVERSION = YES;
				CLANG_WARN_OBJC_ROOT_CLASS = YES_ERROR;
				CLANG_WARN_RANGE_LOOP_ANALYSIS = YES;
				CLANG_WARN_STRICT_PROTOTYPES = YES;
				CLANG_WARN_SUSPICIOUS_MOVE = YES;
				CLANG_WARN_UNGUARDED_AVAILABILITY = YES_AGGRESSIVE;
				CLANG_WARN_UNREACHABLE_CODE = YES;
				CLANG_WARN__DUPLICATE_METHOD_MATCH = YES;
				CODE_SIGN_IDENTITY = "iPhone Developer";
				COPY_PHASE_STRIP = NO;
				DEBUG_INFORMATION_FORMAT = dwarf;
				ENABLE_STRICT_OBJC_MSGSEND = YES;
				ENABLE_TESTABILITY = YES;
				GCC_C_LANGUAGE_STANDARD = gnu11;
				GCC_DYNAMIC_NO_PIC = NO;
				GCC_NO_COMMON_BLOCKS = YES;
				GCC_OPTIMIZATION_LEVEL = 0;
				GCC_PREPROCESSOR_DEFINITIONS = (
					"DEBUG=1",
					"$(inherited)",
				);
				GCC_WARN_64_TO_32_BIT_CONVERSION = YES;
				GCC_WARN_ABOUT_RETURN_TYPE = YES_ERROR;
				GCC_WARN_UNDECLARED_SELECTOR = YES;
				GCC_WARN_UNINITIALIZED_AUTOS = YES_AGGRESSIVE;
				GCC_WARN_UNUSED_FUNCTION = YES;
				GCC_WARN_UNUSED_VARIABLE = YES;
				IPHONEOS_DEPLOYMENT_TARGET = 12.1;
				MTL_ENABLE_DEBUG_INFO = INCLUDE_SOURCE;
				MTL_FAST_MATH = YES;
				ONLY_ACTIVE_ARCH = YES;
				SDKROOT = iphoneos;
				SWIFT_ACTIVE_COMPILATION_CONDITIONS = DEBUG;
				SWIFT_OPTIMIZATION_LEVEL = "-Onone";
			};
			name = Debug;
		};
		80BC1D0E21F3337D00A0ADF4 /* Release */ = {
			isa = XCBuildConfiguration;
			buildSettings = {
				ALWAYS_SEARCH_USER_PATHS = NO;
				CLANG_ANALYZER_NONNULL = YES;
				CLANG_ANALYZER_NUMBER_OBJECT_CONVERSION = YES_AGGRESSIVE;
				CLANG_CXX_LANGUAGE_STANDARD = "gnu++14";
				CLANG_CXX_LIBRARY = "libc++";
				CLANG_ENABLE_MODULES = YES;
				CLANG_ENABLE_OBJC_ARC = YES;
				CLANG_ENABLE_OBJC_WEAK = YES;
				CLANG_WARN_BLOCK_CAPTURE_AUTORELEASING = YES;
				CLANG_WARN_BOOL_CONVERSION = YES;
				CLANG_WARN_COMMA = YES;
				CLANG_WARN_CONSTANT_CONVERSION = YES;
				CLANG_WARN_DEPRECATED_OBJC_IMPLEMENTATIONS = YES;
				CLANG_WARN_DIRECT_OBJC_ISA_USAGE = YES_ERROR;
				CLANG_WARN_DOCUMENTATION_COMMENTS = YES;
				CLANG_WARN_EMPTY_BODY = YES;
				CLANG_WARN_ENUM_CONVERSION = YES;
				CLANG_WARN_INFINITE_RECURSION = YES;
				CLANG_WARN_INT_CONVERSION = YES;
				CLANG_WARN_NON_LITERAL_NULL_CONVERSION = YES;
				CLANG_WARN_OBJC_IMPLICIT_RETAIN_SELF = YES;
				CLANG_WARN_OBJC_LITERAL_CONVERSION = YES;
				CLANG_WARN_OBJC_ROOT_CLASS = YES_ERROR;
				CLANG_WARN_RANGE_LOOP_ANALYSIS = YES;
				CLANG_WARN_STRICT_PROTOTYPES = YES;
				CLANG_WARN_SUSPICIOUS_MOVE = YES;
				CLANG_WARN_UNGUARDED_AVAILABILITY = YES_AGGRESSIVE;
				CLANG_WARN_UNREACHABLE_CODE = YES;
				CLANG_WARN__DUPLICATE_METHOD_MATCH = YES;
				CODE_SIGN_IDENTITY = "iPhone Developer";
				COPY_PHASE_STRIP = NO;
				DEBUG_INFORMATION_FORMAT = "dwarf-with-dsym";
				ENABLE_NS_ASSERTIONS = NO;
				ENABLE_STRICT_OBJC_MSGSEND = YES;
				GCC_C_LANGUAGE_STANDARD = gnu11;
				GCC_NO_COMMON_BLOCKS = YES;
				GCC_WARN_64_TO_32_BIT_CONVERSION = YES;
				GCC_WARN_ABOUT_RETURN_TYPE = YES_ERROR;
				GCC_WARN_UNDECLARED_SELECTOR = YES;
				GCC_WARN_UNINITIALIZED_AUTOS = YES_AGGRESSIVE;
				GCC_WARN_UNUSED_FUNCTION = YES;
				GCC_WARN_UNUSED_VARIABLE = YES;
				IPHONEOS_DEPLOYMENT_TARGET = 12.1;
				MTL_ENABLE_DEBUG_INFO = NO;
				MTL_FAST_MATH = YES;
				SDKROOT = iphoneos;
				SWIFT_COMPILATION_MODE = wholemodule;
				SWIFT_OPTIMIZATION_LEVEL = "-O";
				VALIDATE_PRODUCT = YES;
			};
			name = Release;
		};
		80BC1D1021F3337D00A0ADF4 /* Debug */ = {
			isa = XCBuildConfiguration;
			buildSettings = {
				ASSETCATALOG_COMPILER_APPICON_NAME = AppIcon;
				CODE_SIGN_STYLE = Automatic;
				DEVELOPMENT_TEAM = X9VVW4ZPQS;
				INFOPLIST_FILE = TableViewAndCollectionView/Info.plist;
				LD_RUNPATH_SEARCH_PATHS = (
					"$(inherited)",
					"@executable_path/Frameworks",
				);
				PRODUCT_BUNDLE_IDENTIFIER = com.vivekraipixagram.vivekrai.TableViewAndCollectionView;
				PRODUCT_NAME = "$(TARGET_NAME)";
				SWIFT_VERSION = 4.2;
				TARGETED_DEVICE_FAMILY = "1,2";
			};
			name = Debug;
		};
		80BC1D1121F3337D00A0ADF4 /* Release */ = {
			isa = XCBuildConfiguration;
			buildSettings = {
				ASSETCATALOG_COMPILER_APPICON_NAME = AppIcon;
				CODE_SIGN_STYLE = Automatic;
				DEVELOPMENT_TEAM = X9VVW4ZPQS;
				INFOPLIST_FILE = TableViewAndCollectionView/Info.plist;
				LD_RUNPATH_SEARCH_PATHS = (
					"$(inherited)",
					"@executable_path/Frameworks",
				);
				PRODUCT_BUNDLE_IDENTIFIER = com.vivekraipixagram.vivekrai.TableViewAndCollectionView;
				PRODUCT_NAME = "$(TARGET_NAME)";
				SWIFT_VERSION = 4.2;
				TARGETED_DEVICE_FAMILY = "1,2";
			};
			name = Release;
		};
/* End XCBuildConfiguration section */

/* Begin XCConfigurationList section */
		80BC1CF821F3337B00A0ADF4 /* Build configuration list for PBXProject "TableViewAndCollectionView" */ = {
			isa = XCConfigurationList;
			buildConfigurations = (
				80BC1D0D21F3337D00A0ADF4 /* Debug */,
				80BC1D0E21F3337D00A0ADF4 /* Release */,
			);
			defaultConfigurationIsVisible = 0;
			defaultConfigurationName = Release;
		};
		80BC1D0F21F3337D00A0ADF4 /* Build configuration list for PBXNativeTarget "TableViewAndCollectionView" */ = {
			isa = XCConfigurationList;
			buildConfigurations = (
				80BC1D1021F3337D00A0ADF4 /* Debug */,
				80BC1D1121F3337D00A0ADF4 /* Release */,
			);
			defaultConfigurationIsVisible = 0;
			defaultConfigurationName = Release;
		};
/* End XCConfigurationList section */
	};
	rootObject = 80BC1CF521F3337B00A0ADF4 /* Project object */;
}
